{
  "name": "joshpopkincarteragency",
  "lockfileVersion": 3,
  "requires": true,
  "packages": {
    "": {
      "name": "joshpopkincarteragency",
      "dependencies": {
        "image-size": "^2.0.4",
        "marked": "^18.0.13"
      }
    },
    "node_modules/image-size": {
      "version": "2.0.4",
      "resolved": "https://registry.npmjs.org/image-size/-/image-size-2.0.4.tgz",
      "integrity": "sha512-QRUkFFsRV/6fuESxb9Vkq+a0LkSrgKXuc2NEqfikiXxxN/G3tjWt5EVUlMaImRBZRZK/jRBEbYvpPYZL8t08Zw==",
      "license": "MIT",
      "bin": {
        "image-size": "bin/image-size.js"
      },
      "engines": {
        "node": ">=18"
      }
    },
    "node_modules/marked": {
      "version": "18.0.13",
      "resolved": "https://registry.npmjs.org/marked/-/marked-18.0.13.tgz",
      "integrity": "sha512-xTxVzZsBFwunP6HDmtBkabUQEYArnP7/rMDGmPj9SlrKlQ4i8MdYVow+nJL0eOqwpUqhzBoTBRADGN6uYwPyOw==",
      "license": "MIT",
      "bin": {
        "marked": "bin/marked.js"
      },
      "engines": {
        "node": ">= 20"
      }
    }
  }
}
